
Microsoft Visual Studio Solution File, Format Version 12.00
# Visual Studio 15
Project("{FAE04EC0-301F-11D3-BF4B-00C04F79EFBC}") = "Assembly-CSharp", "Assembly-CSharp.csproj", "{A6D847CF-CFD5-46B8-3A72-3613CACC4118}"
EndProject
Project("{FAE04EC0-301F-11D3-BF4B-00C04F79EFBC}") = "NativeShare.Runtime", "NativeShare.Runtime.csproj", "{15DDB108-3788-69A4-FEA2-B51EEA40CC82}"
EndProject
Project("{FAE04EC0-301F-11D3-BF4B-00C04F79EFBC}") = "NativeGallery.Runtime", "NativeGallery.Runtime.csproj", "{398DE573-8A60-B900-5809-D53F7C6CB424}"
EndProject
Project("{FAE04EC0-301F-11D3-BF4B-00C04F79EFBC}") = "GoogleMobileAds.Editor", "GoogleMobileAds.Editor.csproj", "{785C15CC-7883-E8DF-3618-29BCB5DD1CCF}"
EndProject
Project("{FAE04EC0-301F-11D3-BF4B-00C04F79EFBC}") = "NativeShare.Editor", "NativeShare.Editor.csproj", "{12048A26-7333-5789-42C7-81B1564731F3}"
EndProject
Project("{FAE04EC0-301F-11D3-BF4B-00C04F79EFBC}") = "NativeGallery.Editor", "NativeGallery.Editor.csproj", "{C9F1D413-642F-700B-1CD8-24BB250F898B}"
EndProject
Global
	GlobalSection(SolutionConfigurationPlatforms) = preSolution
		Debug|Any CPU = Debug|Any CPU
		Release|Any CPU = Release|Any CPU
	EndGlobalSection
	GlobalSection(ProjectConfigurationPlatforms) = postSolution
		{A6D847CF-CFD5-46B8-3A72-3613CACC4118}.Debug|Any CPU.ActiveCfg = Debug|Any CPU
		{A6D847CF-CFD5-46B8-3A72-3613CACC4118}.Debug|Any CPU.Build.0 = Debug|Any CPU
		{A6D847CF-CFD5-46B8-3A72-3613CACC4118}.Release|Any CPU.ActiveCfg = Release|Any CPU
		{A6D847CF-CFD5-46B8-3A72-3613CACC4118}.Release|Any CPU.Build.0 = Release|Any CPU
		{15DDB108-3788-69A4-FEA2-B51EEA40CC82}.Debug|Any CPU.ActiveCfg = Debug|Any CPU
		{15DDB108-3788-69A4-FEA2-B51EEA40CC82}.Debug|Any CPU.Build.0 = Debug|Any CPU
		{15DDB108-3788-69A4-FEA2-B51EEA40CC82}.Release|Any CPU.ActiveCfg = Release|Any CPU
		{15DDB108-3788-69A4-FEA2-B51EEA40CC82}.Release|Any CPU.Build.0 = Release|Any CPU
		{398DE573-8A60-B900-5809-D53F7C6CB424}.Debug|Any CPU.ActiveCfg = Debug|Any CPU
		{398DE573-8A60-B900-5809-D53F7C6CB424}.Debug|Any CPU.Build.0 = Debug|Any CPU
		{398DE573-8A60-B900-5809-D53F7C6CB424}.Release|Any CPU.ActiveCfg = Release|Any CPU
		{398DE573-8A60-B900-5809-D53F7C6CB424}.Release|Any CPU.Build.0 = Release|Any CPU
		{785C15CC-7883-E8DF-3618-29BCB5DD1CCF}.Debug|Any CPU.ActiveCfg = Debug|Any CPU
		{785C15CC-7883-E8DF-3618-29BCB5DD1CCF}.Debug|Any CPU.Build.0 = Debug|Any CPU
		{785C15CC-7883-E8DF-3618-29BCB5DD1CCF}.Release|Any CPU.ActiveCfg = Release|Any CPU
		{785C15CC-7883-E8DF-3618-29BCB5DD1CCF}.Release|Any CPU.Build.0 = Release|Any CPU
		{12048A26-7333-5789-42C7-81B1564731F3}.Debug|Any CPU.ActiveCfg = Debug|Any CPU
		{12048A26-7333-5789-42C7-81B1564731F3}.Debug|Any CPU.Build.0 = Debug|Any CPU
		{12048A26-7333-5789-42C7-81B1564731F3}.Release|Any CPU.ActiveCfg = Release|Any CPU
		{12048A26-7333-5789-42C7-81B1564731F3}.Release|Any CPU.Build.0 = Release|Any CPU
		{C9F1D413-642F-700B-1CD8-24BB250F898B}.Debug|Any CPU.ActiveCfg = Debug|Any CPU
		{C9F1D413-642F-700B-1CD8-24BB250F898B}.Debug|Any CPU.Build.0 = Debug|Any CPU
		{C9F1D413-642F-700B-1CD8-24BB250F898B}.Release|Any CPU.ActiveCfg = Release|Any CPU
		{C9F1D413-642F-700B-1CD8-24BB250F898B}.Release|Any CPU.Build.0 = Release|Any CPU
	EndGlobalSection
	GlobalSection(SolutionProperties) = preSolution
		HideSolutionNode = FALSE
	EndGlobalSection
EndGlobal
